// !$*UTF8*$!
{
	archiveVersion = 1;
	classes = {
	};
	objectVersion = 46;
	objects = {

/* Begin PBXBuildFile section */
		645EB8B3167F928F006431DE /* nitro.1 in CopyFiles */ = {isa = PBXBuildFile; fileRef = 645EB8B2167F928F006431DE /* nitro.1 */; };
		645EB8C7167FBE1F006431DE /* libnitro.a in Frameworks */ = {isa = PBXBuildFile; fileRef = 645EB8C6167FBE1F006431DE /* libnitro.a */; };
		645EB8E6167FBE46006431DE /* inproc.c in Sources */ = {isa = PBXBuildFile; fileRef = 645EB8E5167FBE46006431DE /* inproc.c */; };
/* End PBXBuildFile section */

/* Begin PBXCopyFilesBuildPhase section */
		645EB8AA167F928F006431DE /* CopyFiles */ = {
			isa = PBXCopyFilesBuildPhase;
			buildActionMask = 2147483647;
			dstPath = /usr/share/man/man1/;
			dstSubfolderSpec = 0;
			files = (
				645EB8B3167F928F006431DE /* nitro.1 in CopyFiles */,
			);
			runOnlyForDeploymentPostprocessing = 1;
		};
/* End PBXCopyFilesBuildPhase section */

/* Begin PBXFileReference section */
		645EB8AC167F928F006431DE /* nitro */ = {isa = PBXFileReference; explicitFileType = "compiled.mach-o.executable"; includeInIndex = 0; path = nitro; sourceTree = BUILT_PRODUCTS_DIR; };
		645EB8B2167F928F006431DE /* nitro.1 */ = {isa = PBXFileReference; lastKnownFileType = text.man; path = nitro.1; sourceTree = "<group>"; };
		645EB8C2167F92B7006431DE /* utarray.h */ = {isa = PBXFileReference; lastKnownFileType = sourcecode.c.h; path = utarray.h; sourceTree = "<group>"; };
		645EB8C3167F92B7006431DE /* uthash.h */ = {isa = PBXFileReference; lastKnownFileType = sourcecode.c.h; path = uthash.h; sourceTree = "<group>"; };
		645EB8C4167F92B7006431DE /* utlist.h */ = {isa = PBXFileReference; lastKnownFileType = sourcecode.c.h; path = utlist.h; sourceTree = "<group>"; };
		645EB8C5167F92B7006431DE /* utstring.h */ = {isa = PBXFileReference; lastKnownFileType = sourcecode.c.h; path = utstring.h; sourceTree = "<group>"; };
		645EB8C6167FBE1F006431DE /* libnitro.a */ = {isa = PBXFileReference; lastKnownFileType = archive.ar; name = libnitro.a; path = ../../libnitro.a; sourceTree = "<group>"; };
		645EB8C9167FBE2D006431DE /* core.c */ = {isa = PBXFileReference; lastKnownFileType = sourcecode.c.c; path = core.c; sourceTree = "<group>"; };
		645EB8CA167FBE2D006431DE /* core.o */ = {isa = PBXFileReference; lastKnownFileType = "compiled.mach-o.objfile"; path = core.o; sourceTree = "<group>"; };
		645EB8CB167FBE2D006431DE /* err.c */ = {isa = PBXFileReference; lastKnownFileType = sourcecode.c.c; path = err.c; sourceTree = "<group>"; };
		645EB8CC167FBE2D006431DE /* err.o */ = {isa = PBXFileReference; lastKnownFileType = "compiled.mach-o.objfile"; path = err.o; sourceTree = "<group>"; };
		645EB8CD167FBE2D006431DE /* frame.c */ = {isa = PBXFileReference; lastKnownFileType = sourcecode.c.c; path = frame.c; sourceTree = "<group>"; };
		645EB8CE167FBE2D006431DE /* frame.o */ = {isa = PBXFileReference; lastKnownFileType = "compiled.mach-o.objfile"; path = frame.o; sourceTree = "<group>"; };
		645EB8CF167FBE2D006431DE /* inproc.c */ = {isa = PBXFileReference; lastKnownFileType = sourcecode.c.c; path = inproc.c; sourceTree = "<group>"; };
		645EB8D0167FBE2D006431DE /* inproc.o */ = {isa = PBXFileReference; lastKnownFileType = "compiled.mach-o.objfile"; path = inproc.o; sourceTree = "<group>"; };
		645EB8D1167FBE2D006431DE /* nitro-private.h */ = {isa = PBXFileReference; lastKnownFileType = sourcecode.c.h; path = "nitro-private.h"; sourceTree = "<group>"; };
		645EB8D2167FBE2D006431DE /* nitro.h */ = {isa = PBXFileReference; lastKnownFileType = sourcecode.c.h; path = nitro.h; sourceTree = "<group>"; };
		645EB8D3167FBE2D006431DE /* pipe.c */ = {isa = PBXFileReference; lastKnownFileType = sourcecode.c.c; path = pipe.c; sourceTree = "<group>"; };
		645EB8D4167FBE2D006431DE /* pipe.o */ = {isa = PBXFileReference; lastKnownFileType = "compiled.mach-o.objfile"; path = pipe.o; sourceTree = "<group>"; };
		645EB8D5167FBE2D006431DE /* setup.c */ = {isa = PBXFileReference; lastKnownFileType = sourcecode.c.c; path = setup.c; sourceTree = "<group>"; };
		645EB8D6167FBE2D006431DE /* setup.o */ = {isa = PBXFileReference; lastKnownFileType = "compiled.mach-o.objfile"; path = setup.o; sourceTree = "<group>"; };
		645EB8D7167FBE2D006431DE /* tcp.c */ = {isa = PBXFileReference; lastKnownFileType = sourcecode.c.c; path = tcp.c; sourceTree = "<group>"; };
		645EB8D8167FBE2D006431DE /* tcp.o */ = {isa = PBXFileReference; lastKnownFileType = "compiled.mach-o.objfile"; path = tcp.o; sourceTree = "<group>"; };
		645EB8DA167FBE2D006431DE /* utarray.h */ = {isa = PBXFileReference; lastKnownFileType = sourcecode.c.h; path = utarray.h; sourceTree = "<group>"; };
		645EB8DB167FBE2D006431DE /* uthash.h */ = {isa = PBXFileReference; lastKnownFileType = sourcecode.c.h; path = uthash.h; sourceTree = "<group>"; };
		645EB8DC167FBE2D006431DE /* utlist.h */ = {isa = PBXFileReference; lastKnownFileType = sourcecode.c.h; path = utlist.h; sourceTree = "<group>"; };
		645EB8DD167FBE2D006431DE /* utstring.h */ = {isa = PBXFileReference; lastKnownFileType = sourcecode.c.h; path = utstring.h; sourceTree = "<group>"; };
		645EB8DE167FBE2D006431DE /* util.c */ = {isa = PBXFileReference; lastKnownFileType = sourcecode.c.c; path = util.c; sourceTree = "<group>"; };
		645EB8DF167FBE2D006431DE /* util.o */ = {isa = PBXFileReference; lastKnownFileType = "compiled.mach-o.objfile"; path = util.o; sourceTree = "<group>"; };
		645EB8E0167FBE2D006431DE /* xq.c */ = {isa = PBXFileReference; lastKnownFileType = sourcecode.c.c; path = xq.c; sourceTree = "<group>"; };
		645EB8E1167FBE2D006431DE /* xq.c.orig */ = {isa = PBXFileReference; lastKnownFileType = text; path = xq.c.orig; sourceTree = "<group>"; };
		645EB8E2167FBE2D006431DE /* xq.h */ = {isa = PBXFileReference; lastKnownFileType = sourcecode.c.h; path = xq.h; sourceTree = "<group>"; };
		645EB8E3167FBE2D006431DE /* xq.h.orig */ = {isa = PBXFileReference; lastKnownFileType = text; path = xq.h.orig; sourceTree = "<group>"; };
		645EB8E4167FBE2D006431DE /* xq.o */ = {isa = PBXFileReference; lastKnownFileType = "compiled.mach-o.objfile"; path = xq.o; sourceTree = "<group>"; };
		645EB8E5167FBE46006431DE /* inproc.c */ = {isa = PBXFileReference; fileEncoding = 4; lastKnownFileType = sourcecode.c.c; name = inproc.c; path = ../../test/inproc.c; sourceTree = "<group>"; };
/* End PBXFileReference section */

/* Begin PBXFrameworksBuildPhase section */
		645EB8A9167F928F006431DE /* Frameworks */ = {
			isa = PBXFrameworksBuildPhase;
			buildActionMask = 2147483647;
			files = (
				645EB8C7167FBE1F006431DE /* libnitro.a in Frameworks */,
			);
			runOnlyForDeploymentPostprocessing = 0;
		};
/* End PBXFrameworksBuildPhase section */

/* Begin PBXGroup section */
		645EB8A1167F928F006431DE = {
			isa = PBXGroup;
			children = (
				645EB8AF167F928F006431DE /* nitro */,
				645EB8AD167F928F006431DE /* Products */,
			);
			sourceTree = "<group>";
		};
		645EB8AD167F928F006431DE /* Products */ = {
			isa = PBXGroup;
			children = (
				645EB8AC167F928F006431DE /* nitro */,
			);
			name = Products;
			sourceTree = "<group>";
		};
		645EB8AF167F928F006431DE /* nitro */ = {
			isa = PBXGroup;
			children = (
				645EB8E5167FBE46006431DE /* inproc.c */,
				645EB8C8167FBE2D006431DE /* src */,
				645EB8C1167F92B7006431DE /* uthash */,
				645EB8B2167F928F006431DE /* nitro.1 */,
			);
			path = nitro;
			sourceTree = "<group>";
		};
		645EB8C1167F92B7006431DE /* uthash */ = {
			isa = PBXGroup;
			children = (
				645EB8C6167FBE1F006431DE /* libnitro.a */,
				645EB8C2167F92B7006431DE /* utarray.h */,
				645EB8C3167F92B7006431DE /* uthash.h */,
				645EB8C4167F92B7006431DE /* utlist.h */,
				645EB8C5167F92B7006431DE /* utstring.h */,
			);
			name = uthash;
			path = ../../src/uthash;
			sourceTree = "<group>";
		};
		645EB8C8167FBE2D006431DE /* src */ = {
			isa = PBXGroup;
			children = (
				645EB8C9167FBE2D006431DE /* core.c */,
				645EB8CA167FBE2D006431DE /* core.o */,
				645EB8CB167FBE2D006431DE /* err.c */,
				645EB8CC167FBE2D006431DE /* err.o */,
				645EB8CD167FBE2D006431DE /* frame.c */,
				645EB8CE167FBE2D006431DE /* frame.o */,
				645EB8CF167FBE2D006431DE /* inproc.c */,
				645EB8D0167FBE2D006431DE /* inproc.o */,
				645EB8D1167FBE2D006431DE /* nitro-private.h */,
				645EB8D2167FBE2D006431DE /* nitro.h */,
				645EB8D3167FBE2D006431DE /* pipe.c */,
				645EB8D4167FBE2D006431DE /* pipe.o */,
				645EB8D5167FBE2D006431DE /* setup.c */,
				645EB8D6167FBE2D006431DE /* setup.o */,
				645EB8D7167FBE2D006431DE /* tcp.c */,
				645EB8D8167FBE2D006431DE /* tcp.o */,
				645EB8D9167FBE2D006431DE /* uthash */,
				645EB8DE167FBE2D006431DE /* util.c */,
				645EB8DF167FBE2D006431DE /* util.o */,
				645EB8E0167FBE2D006431DE /* xq.c */,
				645EB8E1167FBE2D006431DE /* xq.c.orig */,
				645EB8E2167FBE2D006431DE /* xq.h */,
				645EB8E3167FBE2D006431DE /* xq.h.orig */,
				645EB8E4167FBE2D006431DE /* xq.o */,
			);
			name = src;
			path = ../../src;
			sourceTree = "<group>";
		};
		645EB8D9167FBE2D006431DE /* uthash */ = {
			isa = PBXGroup;
			children = (
				645EB8DA167FBE2D006431DE /* utarray.h */,
				645EB8DB167FBE2D006431DE /* uthash.h */,
				645EB8DC167FBE2D006431DE /* utlist.h */,
				645EB8DD167FBE2D006431DE /* utstring.h */,
			);
			path = uthash;
			sourceTree = "<group>";
		};
/* End PBXGroup section */

/* Begin PBXNativeTarget section */
		645EB8AB167F928F006431DE /* nitro */ = {
			isa = PBXNativeTarget;
			buildConfigurationList = 645EB8B6167F928F006431DE /* Build configuration list for PBXNativeTarget "nitro" */;
			buildPhases = (
				645EB8A8167F928F006431DE /* Sources */,
				645EB8A9167F928F006431DE /* Frameworks */,
				645EB8AA167F928F006431DE /* CopyFiles */,
			);
			buildRules = (
			);
			dependencies = (
			);
			name = nitro;
			productName = nitro;
			productReference = 645EB8AC167F928F006431DE /* nitro */;
			productType = "com.apple.product-type.tool";
		};
/* End PBXNativeTarget section */

/* Begin PBXProject section */
		645EB8A3167F928F006431DE /* Project object */ = {
			isa = PBXProject;
			attributes = {
				LastUpgradeCheck = 0450;
				ORGANIZATIONNAME = "Bump Technologies";
			};
			buildConfigurationList = 645EB8A6167F928F006431DE /* Build configuration list for PBXProject "nitro" */;
			compatibilityVersion = "Xcode 3.2";
			developmentRegion = English;
			hasScannedForEncodings = 0;
			knownRegions = (
				en,
			);
			mainGroup = 645EB8A1167F928F006431DE;
			productRefGroup = 645EB8AD167F928F006431DE /* Products */;
			projectDirPath = "";
			projectRoot = "";
			targets = (
				645EB8AB167F928F006431DE /* nitro */,
			);
		};
/* End PBXProject section */

/* Begin PBXSourcesBuildPhase section */
		645EB8A8167F928F006431DE /* Sources */ = {
			isa = PBXSourcesBuildPhase;
			buildActionMask = 2147483647;
			files = (
				645EB8E6167FBE46006431DE /* inproc.c in Sources */,
			);
			runOnlyForDeploymentPostprocessing = 0;
		};
/* End PBXSourcesBuildPhase section */

/* Begin XCBuildConfiguration section */
		645EB8B4167F928F006431DE /* Debug */ = {
			isa = XCBuildConfiguration;
			buildSettings = {
				ALWAYS_SEARCH_USER_PATHS = NO;
				ARCHS = "$(ARCHS_STANDARD_64_BIT)";
				CLANG_CXX_LANGUAGE_STANDARD = "gnu++0x";
				CLANG_CXX_LIBRARY = "libc++";
				CLANG_WARN_EMPTY_BODY = YES;
				CLANG_WARN__DUPLICATE_METHOD_MATCH = YES;
				COPY_PHASE_STRIP = NO;
				GCC_C_LANGUAGE_STANDARD = gnu99;
				GCC_DYNAMIC_NO_PIC = NO;
				GCC_ENABLE_OBJC_EXCEPTIONS = YES;
				GCC_OPTIMIZATION_LEVEL = 0;
				GCC_PREPROCESSOR_DEFINITIONS = (
					"DEBUG=1",
					"$(inherited)",
				);
				GCC_SYMBOLS_PRIVATE_EXTERN = NO;
				GCC_WARN_64_TO_32_BIT_CONVERSION = YES;
				GCC_WARN_ABOUT_RETURN_TYPE = YES;
				GCC_WARN_UNINITIALIZED_AUTOS = YES;
				GCC_WARN_UNUSED_VARIABLE = YES;
				MACOSX_DEPLOYMENT_TARGET = 10.8;
				ONLY_ACTIVE_ARCH = YES;
				SDKROOT = macosx;
			};
			name = Debug;
		};
		645EB8B5167F928F006431DE /* Release */ = {
			isa = XCBuildConfiguration;
			buildSettings = {
				ALWAYS_SEARCH_USER_PATHS = NO;
				ARCHS = "$(ARCHS_STANDARD_64_BIT)";
				CLANG_CXX_LANGUAGE_STANDARD = "gnu++0x";
				CLANG_CXX_LIBRARY = "libc++";
				CLANG_WARN_EMPTY_BODY = YES;
				CLANG_WARN__DUPLICATE_METHOD_MATCH = YES;
				COPY_PHASE_STRIP = YES;
				DEBUG_INFORMATION_FORMAT = "dwarf-with-dsym";
				GCC_C_LANGUAGE_STANDARD = gnu99;
				GCC_ENABLE_OBJC_EXCEPTIONS = YES;
				GCC_WARN_64_TO_32_BIT_CONVERSION = YES;
				GCC_WARN_ABOUT_RETURN_TYPE = YES;
				GCC_WARN_UNINITIALIZED_AUTOS = YES;
				GCC_WARN_UNUSED_VARIABLE = YES;
				MACOSX_DEPLOYMENT_TARGET = 10.8;
				SDKROOT = macosx;
			};
			name = Release;
		};
		645EB8B7167F928F006431DE /* Debug */ = {
			isa = XCBuildConfiguration;
			buildSettings = {
				HEADER_SEARCH_PATHS = /usr/local/include;
				LIBRARY_SEARCH_PATHS = (
					/usr/local/lib/,
					"\"$(SRCROOT)/..\"",
				);
				OTHER_LDFLAGS = (
					"-lpthread",
					"-luv",
					"-framework",
					CoreFoundation,
					"-framework",
					CoreServices,
				);
				PRODUCT_NAME = "$(TARGET_NAME)";
			};
			name = Debug;
		};
		645EB8B8167F928F006431DE /* Release */ = {
			isa = XCBuildConfiguration;
			buildSettings = {
				HEADER_SEARCH_PATHS = /usr/local/include;
				LIBRARY_SEARCH_PATHS = (
					/usr/local/lib/,
					"\"$(SRCROOT)/..\"",
				);
				OTHER_LDFLAGS = (
					"-lpthread",
					"-luv",
					"-framework",
					CoreFoundation,
					"-framework",
					CoreServices,
				);
				PRODUCT_NAME = "$(TARGET_NAME)";
			};
			name = Release;
		};
/* End XCBuildConfiguration section */

/* Begin XCConfigurationList section */
		645EB8A6167F928F006431DE /* Build configuration list for PBXProject "nitro" */ = {
			isa = XCConfigurationList;
			buildConfigurations = (
				645EB8B4167F928F006431DE /* Debug */,
				645EB8B5167F928F006431DE /* Release */,
			);
			defaultConfigurationIsVisible = 0;
			defaultConfigurationName = Release;
		};
		645EB8B6167F928F006431DE /* Build configuration list for PBXNativeTarget "nitro" */ = {
			isa = XCConfigurationList;
			buildConfigurations = (
				645EB8B7167F928F006431DE /* Debug */,
				645EB8B8167F928F006431DE /* Release */,
			);
			defaultConfigurationIsVisible = 0;
			defaultConfigurationName = Release;
		};
/* End XCConfigurationList section */
	};
	rootObject = 645EB8A3167F928F006431DE /* Project object */;
}
