// !$*UTF8*$!
{
	archiveVersion = 1;
	classes = {
	};
	objectVersion = 46;
	objects = {

/* Begin PBXBuildFile section */
		647E6E93178B746000A539E0 /* libsodium.a in Frameworks */ = {isa = PBXBuildFile; fileRef = 647E6E5E178B746000A539E0 /* libsodium.a */; };
		64EF4870176297FF000C3A89 /* UIKit.framework in Frameworks */ = {isa = PBXBuildFile; fileRef = 64EF486F176297FF000C3A89 /* UIKit.framework */; };
		64EF4872176297FF000C3A89 /* Foundation.framework in Frameworks */ = {isa = PBXBuildFile; fileRef = 64EF4871176297FF000C3A89 /* Foundation.framework */; };
		64EF4874176297FF000C3A89 /* CoreGraphics.framework in Frameworks */ = {isa = PBXBuildFile; fileRef = 64EF4873176297FF000C3A89 /* CoreGraphics.framework */; };
		64EF487A176297FF000C3A89 /* InfoPlist.strings in Resources */ = {isa = PBXBuildFile; fileRef = 64EF4878176297FF000C3A89 /* InfoPlist.strings */; };
		64EF487C176297FF000C3A89 /* main.m in Sources */ = {isa = PBXBuildFile; fileRef = 64EF487B176297FF000C3A89 /* main.m */; };
		64EF4880176297FF000C3A89 /* BMPAppDelegate.m in Sources */ = {isa = PBXBuildFile; fileRef = 64EF487F176297FF000C3A89 /* BMPAppDelegate.m */; };
		64EF4882176297FF000C3A89 /* Default.png in Resources */ = {isa = PBXBuildFile; fileRef = 64EF4881176297FF000C3A89 /* Default.png */; };
		64EF4884176297FF000C3A89 /* Default@2x.png in Resources */ = {isa = PBXBuildFile; fileRef = 64EF4883176297FF000C3A89 /* Default@2x.png */; };
		64EF4886176297FF000C3A89 /* Default-568h@2x.png in Resources */ = {isa = PBXBuildFile; fileRef = 64EF4885176297FF000C3A89 /* Default-568h@2x.png */; };
		64EF4889176297FF000C3A89 /* MainStoryboard_iPhone.storyboard in Resources */ = {isa = PBXBuildFile; fileRef = 64EF4887176297FF000C3A89 /* MainStoryboard_iPhone.storyboard */; };
		64EF488C176297FF000C3A89 /* MainStoryboard_iPad.storyboard in Resources */ = {isa = PBXBuildFile; fileRef = 64EF488A176297FF000C3A89 /* MainStoryboard_iPad.storyboard */; };
		64EF488F176297FF000C3A89 /* BMPViewController.m in Sources */ = {isa = PBXBuildFile; fileRef = 64EF488E176297FF000C3A89 /* BMPViewController.m */; };
		64EF489B17629889000C3A89 /* CoreFoundation.framework in Frameworks */ = {isa = PBXBuildFile; fileRef = 64EF489A17629889000C3A89 /* CoreFoundation.framework */; };
		64EF48A117629889000C3A89 /* InfoPlist.strings in Resources */ = {isa = PBXBuildFile; fileRef = 64EF489F17629889000C3A89 /* InfoPlist.strings */; };
		64EF48DF1762B059000C3A89 /* async.c in Sources */ = {isa = PBXBuildFile; fileRef = 64EF48A81762B059000C3A89 /* async.c */; };
		64EF48E01762B059000C3A89 /* async.h in Headers */ = {isa = PBXBuildFile; fileRef = 64EF48A91762B059000C3A89 /* async.h */; settings = {ATTRIBUTES = (Public, ); }; };
		64EF48E21762B059000C3A89 /* buffer.c in Sources */ = {isa = PBXBuildFile; fileRef = 64EF48AB1762B059000C3A89 /* buffer.c */; };
		64EF48E31762B059000C3A89 /* buffer.h in Headers */ = {isa = PBXBuildFile; fileRef = 64EF48AC1762B059000C3A89 /* buffer.h */; settings = {ATTRIBUTES = (Public, ); }; };
		64EF48E51762B059000C3A89 /* cbuffer.c in Sources */ = {isa = PBXBuildFile; fileRef = 64EF48AE1762B059000C3A89 /* cbuffer.c */; };
		64EF48E61762B059000C3A89 /* cbuffer.h in Headers */ = {isa = PBXBuildFile; fileRef = 64EF48AF1762B059000C3A89 /* cbuffer.h */; settings = {ATTRIBUTES = (Public, ); }; };
		64EF48E81762B059000C3A89 /* common.h in Headers */ = {isa = PBXBuildFile; fileRef = 64EF48B11762B059000C3A89 /* common.h */; settings = {ATTRIBUTES = (Public, ); }; };
		64EF48E91762B059000C3A89 /* crypto.c in Sources */ = {isa = PBXBuildFile; fileRef = 64EF48B21762B059000C3A89 /* crypto.c */; };
		64EF48EA1762B059000C3A89 /* crypto.h in Headers */ = {isa = PBXBuildFile; fileRef = 64EF48B31762B059000C3A89 /* crypto.h */; settings = {ATTRIBUTES = (Public, ); }; };
		64EF48EC1762B059000C3A89 /* err.c in Sources */ = {isa = PBXBuildFile; fileRef = 64EF48B51762B059000C3A89 /* err.c */; };
		64EF48ED1762B059000C3A89 /* err.h in Headers */ = {isa = PBXBuildFile; fileRef = 64EF48B61762B059000C3A89 /* err.h */; settings = {ATTRIBUTES = (Public, ); }; };
		64EF48EF1762B059000C3A89 /* frame.c in Sources */ = {isa = PBXBuildFile; fileRef = 64EF48B81762B059000C3A89 /* frame.c */; };
		64EF48F01762B059000C3A89 /* frame.h in Headers */ = {isa = PBXBuildFile; fileRef = 64EF48B91762B059000C3A89 /* frame.h */; settings = {ATTRIBUTES = (Public, ); }; };
		64EF48F21762B059000C3A89 /* log.h in Headers */ = {isa = PBXBuildFile; fileRef = 64EF48BB1762B059000C3A89 /* log.h */; settings = {ATTRIBUTES = (Public, ); }; };
		64EF48F31762B059000C3A89 /* nitro.c in Sources */ = {isa = PBXBuildFile; fileRef = 64EF48BC1762B059000C3A89 /* nitro.c */; };
		64EF48F41762B059000C3A89 /* nitro.h in Headers */ = {isa = PBXBuildFile; fileRef = 64EF48BD1762B059000C3A89 /* nitro.h */; settings = {ATTRIBUTES = (Public, ); }; };
		64EF48F61762B059000C3A89 /* opt.c in Sources */ = {isa = PBXBuildFile; fileRef = 64EF48BF1762B059000C3A89 /* opt.c */; };
		64EF48F71762B059000C3A89 /* opt.h in Headers */ = {isa = PBXBuildFile; fileRef = 64EF48C01762B059000C3A89 /* opt.h */; settings = {ATTRIBUTES = (Public, ); }; };
		64EF48F91762B059000C3A89 /* queue.c in Sources */ = {isa = PBXBuildFile; fileRef = 64EF48C21762B059000C3A89 /* queue.c */; };
		64EF48FA1762B059000C3A89 /* queue.h in Headers */ = {isa = PBXBuildFile; fileRef = 64EF48C31762B059000C3A89 /* queue.h */; settings = {ATTRIBUTES = (Public, ); }; };
		64EF48FC1762B059000C3A89 /* runtime.c in Sources */ = {isa = PBXBuildFile; fileRef = 64EF48C51762B059000C3A89 /* runtime.c */; };
		64EF48FD1762B059000C3A89 /* runtime.h in Headers */ = {isa = PBXBuildFile; fileRef = 64EF48C61762B059000C3A89 /* runtime.h */; settings = {ATTRIBUTES = (Public, ); }; };
		64EF48FF1762B059000C3A89 /* sha1.c in Sources */ = {isa = PBXBuildFile; fileRef = 64EF48C81762B059000C3A89 /* sha1.c */; };
		64EF49001762B059000C3A89 /* sha1.h in Headers */ = {isa = PBXBuildFile; fileRef = 64EF48C91762B059000C3A89 /* sha1.h */; settings = {ATTRIBUTES = (Public, ); }; };
		64EF49021762B059000C3A89 /* Sinproc.c in Sources */ = {isa = PBXBuildFile; fileRef = 64EF48CB1762B059000C3A89 /* Sinproc.c */; };
		64EF49031762B059000C3A89 /* Sinproc.h in Headers */ = {isa = PBXBuildFile; fileRef = 64EF48CC1762B059000C3A89 /* Sinproc.h */; settings = {ATTRIBUTES = (Public, ); }; };
		64EF49051762B059000C3A89 /* socket.c in Sources */ = {isa = PBXBuildFile; fileRef = 64EF48CE1762B059000C3A89 /* socket.c */; };
		64EF49061762B059000C3A89 /* socket.h in Headers */ = {isa = PBXBuildFile; fileRef = 64EF48CF1762B059000C3A89 /* socket.h */; settings = {ATTRIBUTES = (Public, ); }; };
		64EF49081762B059000C3A89 /* Stcp.c in Sources */ = {isa = PBXBuildFile; fileRef = 64EF48D11762B059000C3A89 /* Stcp.c */; };
		64EF49091762B059000C3A89 /* Stcp.h in Headers */ = {isa = PBXBuildFile; fileRef = 64EF48D21762B059000C3A89 /* Stcp.h */; settings = {ATTRIBUTES = (Public, ); }; };
		64EF490B1762B059000C3A89 /* trie.c in Sources */ = {isa = PBXBuildFile; fileRef = 64EF48D41762B059000C3A89 /* trie.c */; };
		64EF490C1762B059000C3A89 /* trie.h in Headers */ = {isa = PBXBuildFile; fileRef = 64EF48D51762B059000C3A89 /* trie.h */; settings = {ATTRIBUTES = (Public, ); }; };
		64EF490E1762B059000C3A89 /* utarray.h in Headers */ = {isa = PBXBuildFile; fileRef = 64EF48D81762B059000C3A89 /* utarray.h */; settings = {ATTRIBUTES = (Public, ); }; };
		64EF490F1762B059000C3A89 /* uthash.h in Headers */ = {isa = PBXBuildFile; fileRef = 64EF48D91762B059000C3A89 /* uthash.h */; settings = {ATTRIBUTES = (Public, ); }; };
		64EF49101762B059000C3A89 /* utlist.h in Headers */ = {isa = PBXBuildFile; fileRef = 64EF48DA1762B059000C3A89 /* utlist.h */; settings = {ATTRIBUTES = (Public, ); }; };
		64EF49111762B059000C3A89 /* utstring.h in Headers */ = {isa = PBXBuildFile; fileRef = 64EF48DB1762B059000C3A89 /* utstring.h */; settings = {ATTRIBUTES = (Public, ); }; };
		64EF49121762B059000C3A89 /* util.c in Sources */ = {isa = PBXBuildFile; fileRef = 64EF48DC1762B059000C3A89 /* util.c */; };
		64EF49131762B059000C3A89 /* util.h in Headers */ = {isa = PBXBuildFile; fileRef = 64EF48DD1762B059000C3A89 /* util.h */; settings = {ATTRIBUTES = (Public, ); }; };
		64EF49401762B0CF000C3A89 /* cpucycles.h in Headers */ = {isa = PBXBuildFile; fileRef = 64EF49181762B0CF000C3A89 /* cpucycles.h */; settings = {ATTRIBUTES = (Public, ); }; };
		64EF49411762B0CF000C3A89 /* crypto_auth.h in Headers */ = {isa = PBXBuildFile; fileRef = 64EF49191762B0CF000C3A89 /* crypto_auth.h */; settings = {ATTRIBUTES = (Public, ); }; };
		64EF49421762B0CF000C3A89 /* crypto_auth_hmacsha256.h in Headers */ = {isa = PBXBuildFile; fileRef = 64EF491A1762B0CF000C3A89 /* crypto_auth_hmacsha256.h */; settings = {ATTRIBUTES = (Public, ); }; };
		64EF49431762B0CF000C3A89 /* crypto_auth_hmacsha512256.h in Headers */ = {isa = PBXBuildFile; fileRef = 64EF491B1762B0CF000C3A89 /* crypto_auth_hmacsha512256.h */; settings = {ATTRIBUTES = (Public, ); }; };
		64EF49441762B0CF000C3A89 /* crypto_box.h in Headers */ = {isa = PBXBuildFile; fileRef = 64EF491C1762B0CF000C3A89 /* crypto_box.h */; settings = {ATTRIBUTES = (Public, ); }; };
		64EF49451762B0CF000C3A89 /* crypto_box_curve25519xsalsa20poly1305.h in Headers */ = {isa = PBXBuildFile; fileRef = 64EF491D1762B0CF000C3A89 /* crypto_box_curve25519xsalsa20poly1305.h */; settings = {ATTRIBUTES = (Public, ); }; };
		64EF49461762B0CF000C3A89 /* crypto_core_hsalsa20.h in Headers */ = {isa = PBXBuildFile; fileRef = 64EF491E1762B0CF000C3A89 /* crypto_core_hsalsa20.h */; settings = {ATTRIBUTES = (Public, ); }; };
		64EF49471762B0CF000C3A89 /* crypto_core_salsa20.h in Headers */ = {isa = PBXBuildFile; fileRef = 64EF491F1762B0CF000C3A89 /* crypto_core_salsa20.h */; settings = {ATTRIBUTES = (Public, ); }; };
		64EF49481762B0CF000C3A89 /* crypto_core_salsa2012.h in Headers */ = {isa = PBXBuildFile; fileRef = 64EF49201762B0CF000C3A89 /* crypto_core_salsa2012.h */; settings = {ATTRIBUTES = (Public, ); }; };
		64EF49491762B0CF000C3A89 /* crypto_core_salsa208.h in Headers */ = {isa = PBXBuildFile; fileRef = 64EF49211762B0CF000C3A89 /* crypto_core_salsa208.h */; settings = {ATTRIBUTES = (Public, ); }; };
		64EF494A1762B0CF000C3A89 /* crypto_hash.h in Headers */ = {isa = PBXBuildFile; fileRef = 64EF49221762B0CF000C3A89 /* crypto_hash.h */; settings = {ATTRIBUTES = (Public, ); }; };
		64EF494B1762B0CF000C3A89 /* crypto_hash_sha256.h in Headers */ = {isa = PBXBuildFile; fileRef = 64EF49231762B0CF000C3A89 /* crypto_hash_sha256.h */; settings = {ATTRIBUTES = (Public, ); }; };
		64EF494C1762B0CF000C3A89 /* crypto_hash_sha512.h in Headers */ = {isa = PBXBuildFile; fileRef = 64EF49241762B0CF000C3A89 /* crypto_hash_sha512.h */; settings = {ATTRIBUTES = (Public, ); }; };
		64EF494D1762B0CF000C3A89 /* crypto_hashblocks.h in Headers */ = {isa = PBXBuildFile; fileRef = 64EF49251762B0CF000C3A89 /* crypto_hashblocks.h */; settings = {ATTRIBUTES = (Public, ); }; };
		64EF494E1762B0CF000C3A89 /* crypto_hashblocks_sha256.h in Headers */ = {isa = PBXBuildFile; fileRef = 64EF49261762B0CF000C3A89 /* crypto_hashblocks_sha256.h */; settings = {ATTRIBUTES = (Public, ); }; };
		64EF494F1762B0CF000C3A89 /* crypto_hashblocks_sha512.h in Headers */ = {isa = PBXBuildFile; fileRef = 64EF49271762B0CF000C3A89 /* crypto_hashblocks_sha512.h */; settings = {ATTRIBUTES = (Public, ); }; };
		64EF49501762B0CF000C3A89 /* crypto_int16.h in Headers */ = {isa = PBXBuildFile; fileRef = 64EF49281762B0CF000C3A89 /* crypto_int16.h */; settings = {ATTRIBUTES = (Public, ); }; };
		64EF49511762B0CF000C3A89 /* crypto_int32.h in Headers */ = {isa = PBXBuildFile; fileRef = 64EF49291762B0CF000C3A89 /* crypto_int32.h */; settings = {ATTRIBUTES = (Public, ); }; };
		64EF49521762B0CF000C3A89 /* crypto_int64.h in Headers */ = {isa = PBXBuildFile; fileRef = 64EF492A1762B0CF000C3A89 /* crypto_int64.h */; settings = {ATTRIBUTES = (Public, ); }; };
		64EF49531762B0CF000C3A89 /* crypto_int8.h in Headers */ = {isa = PBXBuildFile; fileRef = 64EF492B1762B0CF000C3A89 /* crypto_int8.h */; settings = {ATTRIBUTES = (Public, ); }; };
		64EF49541762B0CF000C3A89 /* crypto_onetimeauth.h in Headers */ = {isa = PBXBuildFile; fileRef = 64EF492C1762B0CF000C3A89 /* crypto_onetimeauth.h */; settings = {ATTRIBUTES = (Public, ); }; };
		64EF49551762B0CF000C3A89 /* crypto_onetimeauth_poly1305.h in Headers */ = {isa = PBXBuildFile; fileRef = 64EF492D1762B0CF000C3A89 /* crypto_onetimeauth_poly1305.h */; settings = {ATTRIBUTES = (Public, ); }; };
		64EF49561762B0CF000C3A89 /* crypto_scalarmult_curve25519.h in Headers */ = {isa = PBXBuildFile; fileRef = 64EF492E1762B0CF000C3A89 /* crypto_scalarmult_curve25519.h */; settings = {ATTRIBUTES = (Public, ); }; };
		64EF49571762B0CF000C3A89 /* crypto_secretbox.h in Headers */ = {isa = PBXBuildFile; fileRef = 64EF492F1762B0CF000C3A89 /* crypto_secretbox.h */; settings = {ATTRIBUTES = (Public, ); }; };
		64EF49581762B0CF000C3A89 /* crypto_secretbox_xsalsa20poly1305.h in Headers */ = {isa = PBXBuildFile; fileRef = 64EF49301762B0CF000C3A89 /* crypto_secretbox_xsalsa20poly1305.h */; settings = {ATTRIBUTES = (Public, ); }; };
		64EF49591762B0CF000C3A89 /* crypto_sign.h in Headers */ = {isa = PBXBuildFile; fileRef = 64EF49311762B0CF000C3A89 /* crypto_sign.h */; settings = {ATTRIBUTES = (Public, ); }; };
		64EF495A1762B0CF000C3A89 /* crypto_sign_edwards25519sha512batch.h in Headers */ = {isa = PBXBuildFile; fileRef = 64EF49321762B0CF000C3A89 /* crypto_sign_edwards25519sha512batch.h */; settings = {ATTRIBUTES = (Public, ); }; };
		64EF495B1762B0CF000C3A89 /* crypto_stream.h in Headers */ = {isa = PBXBuildFile; fileRef = 64EF49331762B0CF000C3A89 /* crypto_stream.h */; settings = {ATTRIBUTES = (Public, ); }; };
		64EF495C1762B0CF000C3A89 /* crypto_stream_aes128ctr.h in Headers */ = {isa = PBXBuildFile; fileRef = 64EF49341762B0CF000C3A89 /* crypto_stream_aes128ctr.h */; settings = {ATTRIBUTES = (Public, ); }; };
		64EF495D1762B0CF000C3A89 /* crypto_stream_salsa20.h in Headers */ = {isa = PBXBuildFile; fileRef = 64EF49351762B0CF000C3A89 /* crypto_stream_salsa20.h */; settings = {ATTRIBUTES = (Public, ); }; };
		64EF495E1762B0CF000C3A89 /* crypto_stream_salsa2012.h in Headers */ = {isa = PBXBuildFile; fileRef = 64EF49361762B0CF000C3A89 /* crypto_stream_salsa2012.h */; settings = {ATTRIBUTES = (Public, ); }; };
		64EF495F1762B0CF000C3A89 /* crypto_stream_salsa208.h in Headers */ = {isa = PBXBuildFile; fileRef = 64EF49371762B0CF000C3A89 /* crypto_stream_salsa208.h */; settings = {ATTRIBUTES = (Public, ); }; };
		64EF49601762B0CF000C3A89 /* crypto_stream_xsalsa20.h in Headers */ = {isa = PBXBuildFile; fileRef = 64EF49381762B0CF000C3A89 /* crypto_stream_xsalsa20.h */; settings = {ATTRIBUTES = (Public, ); }; };
		64EF49611762B0CF000C3A89 /* crypto_uint16.h in Headers */ = {isa = PBXBuildFile; fileRef = 64EF49391762B0CF000C3A89 /* crypto_uint16.h */; settings = {ATTRIBUTES = (Public, ); }; };
		64EF49621762B0CF000C3A89 /* crypto_uint32.h in Headers */ = {isa = PBXBuildFile; fileRef = 64EF493A1762B0CF000C3A89 /* crypto_uint32.h */; settings = {ATTRIBUTES = (Public, ); }; };
		64EF49631762B0CF000C3A89 /* crypto_uint64.h in Headers */ = {isa = PBXBuildFile; fileRef = 64EF493B1762B0CF000C3A89 /* crypto_uint64.h */; settings = {ATTRIBUTES = (Public, ); }; };
		64EF49641762B0CF000C3A89 /* crypto_uint8.h in Headers */ = {isa = PBXBuildFile; fileRef = 64EF493C1762B0CF000C3A89 /* crypto_uint8.h */; settings = {ATTRIBUTES = (Public, ); }; };
		64EF49651762B0CF000C3A89 /* crypto_verify_16.h in Headers */ = {isa = PBXBuildFile; fileRef = 64EF493D1762B0CF000C3A89 /* crypto_verify_16.h */; settings = {ATTRIBUTES = (Public, ); }; };
		64EF49661762B0CF000C3A89 /* crypto_verify_32.h in Headers */ = {isa = PBXBuildFile; fileRef = 64EF493E1762B0CF000C3A89 /* crypto_verify_32.h */; settings = {ATTRIBUTES = (Public, ); }; };
		64EF496D1762B23D000C3A89 /* libnacl.a in Frameworks */ = {isa = PBXBuildFile; fileRef = 64EF496C1762B23D000C3A89 /* libnacl.a */; };
		64EF497B1762B324000C3A89 /* ev.c in Sources */ = {isa = PBXBuildFile; fileRef = 64EF49701762B324000C3A89 /* ev.c */; };
		64EF497C1762B324000C3A89 /* ev.h in Headers */ = {isa = PBXBuildFile; fileRef = 64EF49711762B324000C3A89 /* ev.h */; settings = {ATTRIBUTES = (Public, ); }; };
		64EF49821762B324000C3A89 /* ev_vars.h in Headers */ = {isa = PBXBuildFile; fileRef = 64EF49771762B324000C3A89 /* ev_vars.h */; settings = {ATTRIBUTES = (Public, ); }; };
		64EF49831762B324000C3A89 /* ev_wrap.h in Headers */ = {isa = PBXBuildFile; fileRef = 64EF49781762B324000C3A89 /* ev_wrap.h */; settings = {ATTRIBUTES = (Public, ); }; };
		64EF498C1762BB27000C3A89 /* NitroFramework.framework in Frameworks */ = {isa = PBXBuildFile; fileRef = 64EF498B1762BB27000C3A89 /* NitroFramework.framework */; };
/* End PBXBuildFile section */

/* Begin PBXContainerItemProxy section */
		64EF49681762B183000C3A89 /* PBXContainerItemProxy */ = {
			isa = PBXContainerItemProxy;
			containerPortal = 64EF4864176297FF000C3A89 /* Project object */;
			proxyType = 1;
			remoteGlobalIDString = 64EF489817629889000C3A89;
			remoteInfo = NitroFramework;
		};
/* End PBXContainerItemProxy section */

/* Begin PBXFileReference section */
		647E6E5E178B746000A539E0 /* libsodium.a */ = {isa = PBXFileReference; lastKnownFileType = archive.ar; path = libsodium.a; sourceTree = "<group>"; };
		64EF486C176297FF000C3A89 /* NitroTest.app */ = {isa = PBXFileReference; explicitFileType = wrapper.application; includeInIndex = 0; path = NitroTest.app; sourceTree = BUILT_PRODUCTS_DIR; };
		64EF486F176297FF000C3A89 /* UIKit.framework */ = {isa = PBXFileReference; lastKnownFileType = wrapper.framework; name = UIKit.framework; path = System/Library/Frameworks/UIKit.framework; sourceTree = SDKROOT; };
		64EF4871176297FF000C3A89 /* Foundation.framework */ = {isa = PBXFileReference; lastKnownFileType = wrapper.framework; name = Foundation.framework; path = System/Library/Frameworks/Foundation.framework; sourceTree = SDKROOT; };
		64EF4873176297FF000C3A89 /* CoreGraphics.framework */ = {isa = PBXFileReference; lastKnownFileType = wrapper.framework; name = CoreGraphics.framework; path = System/Library/Frameworks/CoreGraphics.framework; sourceTree = SDKROOT; };
		64EF4877176297FF000C3A89 /* NitroTest-Info.plist */ = {isa = PBXFileReference; lastKnownFileType = text.plist.xml; path = "NitroTest-Info.plist"; sourceTree = "<group>"; };
		64EF4879176297FF000C3A89 /* en */ = {isa = PBXFileReference; lastKnownFileType = text.plist.strings; name = en; path = en.lproj/InfoPlist.strings; sourceTree = "<group>"; };
		64EF487B176297FF000C3A89 /* main.m */ = {isa = PBXFileReference; lastKnownFileType = sourcecode.c.objc; path = main.m; sourceTree = "<group>"; };
		64EF487D176297FF000C3A89 /* NitroTest-Prefix.pch */ = {isa = PBXFileReference; lastKnownFileType = sourcecode.c.h; path = "NitroTest-Prefix.pch"; sourceTree = "<group>"; };
		64EF487E176297FF000C3A89 /* BMPAppDelegate.h */ = {isa = PBXFileReference; lastKnownFileType = sourcecode.c.h; path = BMPAppDelegate.h; sourceTree = "<group>"; };
		64EF487F176297FF000C3A89 /* BMPAppDelegate.m */ = {isa = PBXFileReference; lastKnownFileType = sourcecode.c.objc; path = BMPAppDelegate.m; sourceTree = "<group>"; };
		64EF4881176297FF000C3A89 /* Default.png */ = {isa = PBXFileReference; lastKnownFileType = image.png; path = Default.png; sourceTree = "<group>"; };
		64EF4883176297FF000C3A89 /* Default@2x.png */ = {isa = PBXFileReference; lastKnownFileType = image.png; path = "Default@2x.png"; sourceTree = "<group>"; };
		64EF4885176297FF000C3A89 /* Default-568h@2x.png */ = {isa = PBXFileReference; lastKnownFileType = image.png; path = "Default-568h@2x.png"; sourceTree = "<group>"; };
		64EF4888176297FF000C3A89 /* en */ = {isa = PBXFileReference; lastKnownFileType = file.storyboard; name = en; path = en.lproj/MainStoryboard_iPhone.storyboard; sourceTree = "<group>"; };
		64EF488B176297FF000C3A89 /* en */ = {isa = PBXFileReference; lastKnownFileType = file.storyboard; name = en; path = en.lproj/MainStoryboard_iPad.storyboard; sourceTree = "<group>"; };
		64EF488D176297FF000C3A89 /* BMPViewController.h */ = {isa = PBXFileReference; lastKnownFileType = sourcecode.c.h; path = BMPViewController.h; sourceTree = "<group>"; };
		64EF488E176297FF000C3A89 /* BMPViewController.m */ = {isa = PBXFileReference; lastKnownFileType = sourcecode.c.objc; path = BMPViewController.m; sourceTree = "<group>"; };
		64EF489917629889000C3A89 /* NitroFramework.framework */ = {isa = PBXFileReference; explicitFileType = wrapper.cfbundle; includeInIndex = 0; path = NitroFramework.framework; sourceTree = BUILT_PRODUCTS_DIR; };
		64EF489A17629889000C3A89 /* CoreFoundation.framework */ = {isa = PBXFileReference; lastKnownFileType = wrapper.framework; name = CoreFoundation.framework; path = System/Library/Frameworks/CoreFoundation.framework; sourceTree = SDKROOT; };
		64EF489E17629889000C3A89 /* NitroFramework-Info.plist */ = {isa = PBXFileReference; lastKnownFileType = text.plist.xml; path = "NitroFramework-Info.plist"; sourceTree = "<group>"; };
		64EF48A017629889000C3A89 /* en */ = {isa = PBXFileReference; lastKnownFileType = text.plist.strings; name = en; path = en.lproj/InfoPlist.strings; sourceTree = "<group>"; };
		64EF48A217629889000C3A89 /* NitroFramework-Prefix.pch */ = {isa = PBXFileReference; lastKnownFileType = sourcecode.c.h; path = "NitroFramework-Prefix.pch"; sourceTree = "<group>"; };
		64EF48A81762B059000C3A89 /* async.c */ = {isa = PBXFileReference; fileEncoding = 4; lastKnownFileType = sourcecode.c.c; path = async.c; sourceTree = "<group>"; };
		64EF48A91762B059000C3A89 /* async.h */ = {isa = PBXFileReference; fileEncoding = 4; lastKnownFileType = sourcecode.c.h; path = async.h; sourceTree = "<group>"; };
		64EF48AB1762B059000C3A89 /* buffer.c */ = {isa = PBXFileReference; fileEncoding = 4; lastKnownFileType = sourcecode.c.c; path = buffer.c; sourceTree = "<group>"; };
		64EF48AC1762B059000C3A89 /* buffer.h */ = {isa = PBXFileReference; fileEncoding = 4; lastKnownFileType = sourcecode.c.h; path = buffer.h; sourceTree = "<group>"; };
		64EF48AE1762B059000C3A89 /* cbuffer.c */ = {isa = PBXFileReference; fileEncoding = 4; lastKnownFileType = sourcecode.c.c; path = cbuffer.c; sourceTree = "<group>"; };
		64EF48AF1762B059000C3A89 /* cbuffer.h */ = {isa = PBXFileReference; fileEncoding = 4; lastKnownFileType = sourcecode.c.h; path = cbuffer.h; sourceTree = "<group>"; };
		64EF48B11762B059000C3A89 /* common.h */ = {isa = PBXFileReference; fileEncoding = 4; lastKnownFileType = sourcecode.c.h; path = common.h; sourceTree = "<group>"; };
		64EF48B21762B059000C3A89 /* crypto.c */ = {isa = PBXFileReference; fileEncoding = 4; lastKnownFileType = sourcecode.c.c; path = crypto.c; sourceTree = "<group>"; };
		64EF48B31762B059000C3A89 /* crypto.h */ = {isa = PBXFileReference; fileEncoding = 4; lastKnownFileType = sourcecode.c.h; path = crypto.h; sourceTree = "<group>"; };
		64EF48B51762B059000C3A89 /* err.c */ = {isa = PBXFileReference; fileEncoding = 4; lastKnownFileType = sourcecode.c.c; path = err.c; sourceTree = "<group>"; };
		64EF48B61762B059000C3A89 /* err.h */ = {isa = PBXFileReference; fileEncoding = 4; lastKnownFileType = sourcecode.c.h; path = err.h; sourceTree = "<group>"; };
		64EF48B81762B059000C3A89 /* frame.c */ = {isa = PBXFileReference; fileEncoding = 4; lastKnownFileType = sourcecode.c.c; path = frame.c; sourceTree = "<group>"; };
		64EF48B91762B059000C3A89 /* frame.h */ = {isa = PBXFileReference; fileEncoding = 4; lastKnownFileType = sourcecode.c.h; path = frame.h; sourceTree = "<group>"; };
		64EF48BB1762B059000C3A89 /* log.h */ = {isa = PBXFileReference; fileEncoding = 4; lastKnownFileType = sourcecode.c.h; path = log.h; sourceTree = "<group>"; };
		64EF48BC1762B059000C3A89 /* nitro.c */ = {isa = PBXFileReference; fileEncoding = 4; lastKnownFileType = sourcecode.c.c; path = nitro.c; sourceTree = "<group>"; };
		64EF48BD1762B059000C3A89 /* nitro.h */ = {isa = PBXFileReference; fileEncoding = 4; lastKnownFileType = sourcecode.c.h; path = nitro.h; sourceTree = "<group>"; };
		64EF48BF1762B059000C3A89 /* opt.c */ = {isa = PBXFileReference; fileEncoding = 4; lastKnownFileType = sourcecode.c.c; path = opt.c; sourceTree = "<group>"; };
		64EF48C01762B059000C3A89 /* opt.h */ = {isa = PBXFileReference; fileEncoding = 4; lastKnownFileType = sourcecode.c.h; path = opt.h; sourceTree = "<group>"; };
		64EF48C21762B059000C3A89 /* queue.c */ = {isa = PBXFileReference; fileEncoding = 4; lastKnownFileType = sourcecode.c.c; path = queue.c; sourceTree = "<group>"; };
		64EF48C31762B059000C3A89 /* queue.h */ = {isa = PBXFileReference; fileEncoding = 4; lastKnownFileType = sourcecode.c.h; path = queue.h; sourceTree = "<group>"; };
		64EF48C51762B059000C3A89 /* runtime.c */ = {isa = PBXFileReference; fileEncoding = 4; lastKnownFileType = sourcecode.c.c; path = runtime.c; sourceTree = "<group>"; };
		64EF48C61762B059000C3A89 /* runtime.h */ = {isa = PBXFileReference; fileEncoding = 4; lastKnownFileType = sourcecode.c.h; path = runtime.h; sourceTree = "<group>"; };
		64EF48C81762B059000C3A89 /* sha1.c */ = {isa = PBXFileReference; fileEncoding = 4; lastKnownFileType = sourcecode.c.c; path = sha1.c; sourceTree = "<group>"; };
		64EF48C91762B059000C3A89 /* sha1.h */ = {isa = PBXFileReference; fileEncoding = 4; lastKnownFileType = sourcecode.c.h; path = sha1.h; sourceTree = "<group>"; };
		64EF48CB1762B059000C3A89 /* Sinproc.c */ = {isa = PBXFileReference; fileEncoding = 4; lastKnownFileType = sourcecode.c.c; path = Sinproc.c; sourceTree = "<group>"; };
		64EF48CC1762B059000C3A89 /* Sinproc.h */ = {isa = PBXFileReference; fileEncoding = 4; lastKnownFileType = sourcecode.c.h; path = Sinproc.h; sourceTree = "<group>"; };
		64EF48CE1762B059000C3A89 /* socket.c */ = {isa = PBXFileReference; fileEncoding = 4; lastKnownFileType = sourcecode.c.c; path = socket.c; sourceTree = "<group>"; };
		64EF48CF1762B059000C3A89 /* socket.h */ = {isa = PBXFileReference; fileEncoding = 4; lastKnownFileType = sourcecode.c.h; path = socket.h; sourceTree = "<group>"; };
		64EF48D11762B059000C3A89 /* Stcp.c */ = {isa = PBXFileReference; fileEncoding = 4; lastKnownFileType = sourcecode.c.c; path = Stcp.c; sourceTree = "<group>"; };
		64EF48D21762B059000C3A89 /* Stcp.h */ = {isa = PBXFileReference; fileEncoding = 4; lastKnownFileType = sourcecode.c.h; path = Stcp.h; sourceTree = "<group>"; };
		64EF48D41762B059000C3A89 /* trie.c */ = {isa = PBXFileReference; fileEncoding = 4; lastKnownFileType = sourcecode.c.c; path = trie.c; sourceTree = "<group>"; };
		64EF48D51762B059000C3A89 /* trie.h */ = {isa = PBXFileReference; fileEncoding = 4; lastKnownFileType = sourcecode.c.h; path = trie.h; sourceTree = "<group>"; };
		64EF48D81762B059000C3A89 /* utarray.h */ = {isa = PBXFileReference; fileEncoding = 4; lastKnownFileType = sourcecode.c.h; path = utarray.h; sourceTree = "<group>"; };
		64EF48D91762B059000C3A89 /* uthash.h */ = {isa = PBXFileReference; fileEncoding = 4; lastKnownFileType = sourcecode.c.h; path = uthash.h; sourceTree = "<group>"; };
		64EF48DA1762B059000C3A89 /* utlist.h */ = {isa = PBXFileReference; fileEncoding = 4; lastKnownFileType = sourcecode.c.h; path = utlist.h; sourceTree = "<group>"; };
		64EF48DB1762B059000C3A89 /* utstring.h */ = {isa = PBXFileReference; fileEncoding = 4; lastKnownFileType = sourcecode.c.h; path = utstring.h; sourceTree = "<group>"; };
		64EF48DC1762B059000C3A89 /* util.c */ = {isa = PBXFileReference; fileEncoding = 4; lastKnownFileType = sourcecode.c.c; path = util.c; sourceTree = "<group>"; };
		64EF48DD1762B059000C3A89 /* util.h */ = {isa = PBXFileReference; fileEncoding = 4; lastKnownFileType = sourcecode.c.h; path = util.h; sourceTree = "<group>"; };
		64EF49181762B0CF000C3A89 /* cpucycles.h */ = {isa = PBXFileReference; fileEncoding = 4; lastKnownFileType = sourcecode.c.h; path = cpucycles.h; sourceTree = "<group>"; };
		64EF49191762B0CF000C3A89 /* crypto_auth.h */ = {isa = PBXFileReference; fileEncoding = 4; lastKnownFileType = sourcecode.c.h; path = crypto_auth.h; sourceTree = "<group>"; };
		64EF491A1762B0CF000C3A89 /* crypto_auth_hmacsha256.h */ = {isa = PBXFileReference; fileEncoding = 4; lastKnownFileType = sourcecode.c.h; path = crypto_auth_hmacsha256.h; sourceTree = "<group>"; };
		64EF491B1762B0CF000C3A89 /* crypto_auth_hmacsha512256.h */ = {isa = PBXFileReference; fileEncoding = 4; lastKnownFileType = sourcecode.c.h; path = crypto_auth_hmacsha512256.h; sourceTree = "<group>"; };
		64EF491C1762B0CF000C3A89 /* crypto_box.h */ = {isa = PBXFileReference; fileEncoding = 4; lastKnownFileType = sourcecode.c.h; path = crypto_box.h; sourceTree = "<group>"; };
		64EF491D1762B0CF000C3A89 /* crypto_box_curve25519xsalsa20poly1305.h */ = {isa = PBXFileReference; fileEncoding = 4; lastKnownFileType = sourcecode.c.h; path = crypto_box_curve25519xsalsa20poly1305.h; sourceTree = "<group>"; };
		64EF491E1762B0CF000C3A89 /* crypto_core_hsalsa20.h */ = {isa = PBXFileReference; fileEncoding = 4; lastKnownFileType = sourcecode.c.h; path = crypto_core_hsalsa20.h; sourceTree = "<group>"; };
		64EF491F1762B0CF000C3A89 /* crypto_core_salsa20.h */ = {isa = PBXFileReference; fileEncoding = 4; lastKnownFileType = sourcecode.c.h; path = crypto_core_salsa20.h; sourceTree = "<group>"; };
		64EF49201762B0CF000C3A89 /* crypto_core_salsa2012.h */ = {isa = PBXFileReference; fileEncoding = 4; lastKnownFileType = sourcecode.c.h; path = crypto_core_salsa2012.h; sourceTree = "<group>"; };
		64EF49211762B0CF000C3A89 /* crypto_core_salsa208.h */ = {isa = PBXFileReference; fileEncoding = 4; lastKnownFileType = sourcecode.c.h; path = crypto_core_salsa208.h; sourceTree = "<group>"; };
		64EF49221762B0CF000C3A89 /* crypto_hash.h */ = {isa = PBXFileReference; fileEncoding = 4; lastKnownFileType = sourcecode.c.h; path = crypto_hash.h; sourceTree = "<group>"; };
		64EF49231762B0CF000C3A89 /* crypto_hash_sha256.h */ = {isa = PBXFileReference; fileEncoding = 4; lastKnownFileType = sourcecode.c.h; path = crypto_hash_sha256.h; sourceTree = "<group>"; };
		64EF49241762B0CF000C3A89 /* crypto_hash_sha512.h */ = {isa = PBXFileReference; fileEncoding = 4; lastKnownFileType = sourcecode.c.h; path = crypto_hash_sha512.h; sourceTree = "<group>"; };
		64EF49251762B0CF000C3A89 /* crypto_hashblocks.h */ = {isa = PBXFileReference; fileEncoding = 4; lastKnownFileType = sourcecode.c.h; path = crypto_hashblocks.h; sourceTree = "<group>"; };
		64EF49261762B0CF000C3A89 /* crypto_hashblocks_sha256.h */ = {isa = PBXFileReference; fileEncoding = 4; lastKnownFileType = sourcecode.c.h; path = crypto_hashblocks_sha256.h; sourceTree = "<group>"; };
		64EF49271762B0CF000C3A89 /* crypto_hashblocks_sha512.h */ = {isa = PBXFileReference; fileEncoding = 4; lastKnownFileType = sourcecode.c.h; path = crypto_hashblocks_sha512.h; sourceTree = "<group>"; };
		64EF49281762B0CF000C3A89 /* crypto_int16.h */ = {isa = PBXFileReference; fileEncoding = 4; lastKnownFileType = sourcecode.c.h; path = crypto_int16.h; sourceTree = "<group>"; };
		64EF49291762B0CF000C3A89 /* crypto_int32.h */ = {isa = PBXFileReference; fileEncoding = 4; lastKnownFileType = sourcecode.c.h; path = crypto_int32.h; sourceTree = "<group>"; };
		64EF492A1762B0CF000C3A89 /* crypto_int64.h */ = {isa = PBXFileReference; fileEncoding = 4; lastKnownFileType = sourcecode.c.h; path = crypto_int64.h; sourceTree = "<group>"; };
		64EF492B1762B0CF000C3A89 /* crypto_int8.h */ = {isa = PBXFileReference; fileEncoding = 4; lastKnownFileType = sourcecode.c.h; path = crypto_int8.h; sourceTree = "<group>"; };
		64EF492C1762B0CF000C3A89 /* crypto_onetimeauth.h */ = {isa = PBXFileReference; fileEncoding = 4; lastKnownFileType = sourcecode.c.h; path = crypto_onetimeauth.h; sourceTree = "<group>"; };
		64EF492D1762B0CF000C3A89 /* crypto_onetimeauth_poly1305.h */ = {isa = PBXFileReference; fileEncoding = 4; lastKnownFileType = sourcecode.c.h; path = crypto_onetimeauth_poly1305.h; sourceTree = "<group>"; };
		64EF492E1762B0CF000C3A89 /* crypto_scalarmult_curve25519.h */ = {isa = PBXFileReference; fileEncoding = 4; lastKnownFileType = sourcecode.c.h; path = crypto_scalarmult_curve25519.h; sourceTree = "<group>"; };
		64EF492F1762B0CF000C3A89 /* crypto_secretbox.h */ = {isa = PBXFileReference; fileEncoding = 4; lastKnownFileType = sourcecode.c.h; path = crypto_secretbox.h; sourceTree = "<group>"; };
		64EF49301762B0CF000C3A89 /* crypto_secretbox_xsalsa20poly1305.h */ = {isa = PBXFileReference; fileEncoding = 4; lastKnownFileType = sourcecode.c.h; path = crypto_secretbox_xsalsa20poly1305.h; sourceTree = "<group>"; };
		64EF49311762B0CF000C3A89 /* crypto_sign.h */ = {isa = PBXFileReference; fileEncoding = 4; lastKnownFileType = sourcecode.c.h; path = crypto_sign.h; sourceTree = "<group>"; };
		64EF49321762B0CF000C3A89 /* crypto_sign_edwards25519sha512batch.h */ = {isa = PBXFileReference; fileEncoding = 4; lastKnownFileType = sourcecode.c.h; path = crypto_sign_edwards25519sha512batch.h; sourceTree = "<group>"; };
		64EF49331762B0CF000C3A89 /* crypto_stream.h */ = {isa = PBXFileReference; fileEncoding = 4; lastKnownFileType = sourcecode.c.h; path = crypto_stream.h; sourceTree = "<group>"; };
		64EF49341762B0CF000C3A89 /* crypto_stream_aes128ctr.h */ = {isa = PBXFileReference; fileEncoding = 4; lastKnownFileType = sourcecode.c.h; path = crypto_stream_aes128ctr.h; sourceTree = "<group>"; };
		64EF49351762B0CF000C3A89 /* crypto_stream_salsa20.h */ = {isa = PBXFileReference; fileEncoding = 4; lastKnownFileType = sourcecode.c.h; path = crypto_stream_salsa20.h; sourceTree = "<group>"; };
		64EF49361762B0CF000C3A89 /* crypto_stream_salsa2012.h */ = {isa = PBXFileReference; fileEncoding = 4; lastKnownFileType = sourcecode.c.h; path = crypto_stream_salsa2012.h; sourceTree = "<group>"; };
		64EF49371762B0CF000C3A89 /* crypto_stream_salsa208.h */ = {isa = PBXFileReference; fileEncoding = 4; lastKnownFileType = sourcecode.c.h; path = crypto_stream_salsa208.h; sourceTree = "<group>"; };
		64EF49381762B0CF000C3A89 /* crypto_stream_xsalsa20.h */ = {isa = PBXFileReference; fileEncoding = 4; lastKnownFileType = sourcecode.c.h; path = crypto_stream_xsalsa20.h; sourceTree = "<group>"; };
		64EF49391762B0CF000C3A89 /* crypto_uint16.h */ = {isa = PBXFileReference; fileEncoding = 4; lastKnownFileType = sourcecode.c.h; path = crypto_uint16.h; sourceTree = "<group>"; };
		64EF493A1762B0CF000C3A89 /* crypto_uint32.h */ = {isa = PBXFileReference; fileEncoding = 4; lastKnownFileType = sourcecode.c.h; path = crypto_uint32.h; sourceTree = "<group>"; };
		64EF493B1762B0CF000C3A89 /* crypto_uint64.h */ = {isa = PBXFileReference; fileEncoding = 4; lastKnownFileType = sourcecode.c.h; path = crypto_uint64.h; sourceTree = "<group>"; };
		64EF493C1762B0CF000C3A89 /* crypto_uint8.h */ = {isa = PBXFileReference; fileEncoding = 4; lastKnownFileType = sourcecode.c.h; path = crypto_uint8.h; sourceTree = "<group>"; };
		64EF493D1762B0CF000C3A89 /* crypto_verify_16.h */ = {isa = PBXFileReference; fileEncoding = 4; lastKnownFileType = sourcecode.c.h; path = crypto_verify_16.h; sourceTree = "<group>"; };
		64EF493E1762B0CF000C3A89 /* crypto_verify_32.h */ = {isa = PBXFileReference; fileEncoding = 4; lastKnownFileType = sourcecode.c.h; path = crypto_verify_32.h; sourceTree = "<group>"; };
		64EF496C1762B23D000C3A89 /* libnacl.a */ = {isa = PBXFileReference; lastKnownFileType = archive.ar; path = libnacl.a; sourceTree = "<group>"; };
		64EF49701762B324000C3A89 /* ev.c */ = {isa = PBXFileReference; fileEncoding = 4; lastKnownFileType = sourcecode.c.c; path = ev.c; sourceTree = "<group>"; };
		64EF49711762B324000C3A89 /* ev.h */ = {isa = PBXFileReference; fileEncoding = 4; lastKnownFileType = sourcecode.c.h; path = ev.h; sourceTree = "<group>"; };
		64EF49771762B324000C3A89 /* ev_vars.h */ = {isa = PBXFileReference; fileEncoding = 4; lastKnownFileType = sourcecode.c.h; path = ev_vars.h; sourceTree = "<group>"; };
		64EF49781762B324000C3A89 /* ev_wrap.h */ = {isa = PBXFileReference; fileEncoding = 4; lastKnownFileType = sourcecode.c.h; path = ev_wrap.h; sourceTree = "<group>"; };
		64EF498B1762BB27000C3A89 /* NitroFramework.framework */ = {isa = PBXFileReference; lastKnownFileType = wrapper.framework; name = NitroFramework.framework; path = "../../../../../../Library/Developer/Xcode/DerivedData/NitroTest-fvhcgdiocaxbycfgoenrcyxreexa/Build/Products/Debug-iphoneos/NitroFramework.framework"; sourceTree = "<group>"; };
/* End PBXFileReference section */

/* Begin PBXFrameworksBuildPhase section */
		64EF4869176297FF000C3A89 /* Frameworks */ = {
			isa = PBXFrameworksBuildPhase;
			buildActionMask = 2147483647;
			files = (
				64EF4870176297FF000C3A89 /* UIKit.framework in Frameworks */,
				64EF4872176297FF000C3A89 /* Foundation.framework in Frameworks */,
				64EF4874176297FF000C3A89 /* CoreGraphics.framework in Frameworks */,
				64EF496D1762B23D000C3A89 /* libnacl.a in Frameworks */,
				64EF498C1762BB27000C3A89 /* NitroFramework.framework in Frameworks */,
			);
			runOnlyForDeploymentPostprocessing = 0;
		};
		64EF489617629889000C3A89 /* Frameworks */ = {
			isa = PBXFrameworksBuildPhase;
			buildActionMask = 2147483647;
			files = (
				647E6E93178B746000A539E0 /* libsodium.a in Frameworks */,
				64EF489B17629889000C3A89 /* CoreFoundation.framework in Frameworks */,
			);
			runOnlyForDeploymentPostprocessing = 0;
		};
/* End PBXFrameworksBuildPhase section */

/* Begin PBXGroup section */
		647E6E5D178B746000A539E0 /* lib */ = {
			isa = PBXGroup;
			children = (
				647E6E5E178B746000A539E0 /* libsodium.a */,
			);
			path = lib;
			sourceTree = "<group>";
		};
		64EF4863176297FF000C3A89 = {
			isa = PBXGroup;
			children = (
				64EF4875176297FF000C3A89 /* NitroTest */,
				64EF489C17629889000C3A89 /* NitroFramework */,
				64EF486E176297FF000C3A89 /* Frameworks */,
				64EF486D176297FF000C3A89 /* Products */,
			);
			sourceTree = "<group>";
		};
		64EF486D176297FF000C3A89 /* Products */ = {
			isa = PBXGroup;
			children = (
				64EF486C176297FF000C3A89 /* NitroTest.app */,
				64EF489917629889000C3A89 /* NitroFramework.framework */,
			);
			name = Products;
			sourceTree = "<group>";
		};
		64EF486E176297FF000C3A89 /* Frameworks */ = {
			isa = PBXGroup;
			children = (
				64EF486F176297FF000C3A89 /* UIKit.framework */,
				64EF4871176297FF000C3A89 /* Foundation.framework */,
				64EF4873176297FF000C3A89 /* CoreGraphics.framework */,
				64EF489A17629889000C3A89 /* CoreFoundation.framework */,
			);
			name = Frameworks;
			sourceTree = "<group>";
		};
		64EF4875176297FF000C3A89 /* NitroTest */ = {
			isa = PBXGroup;
			children = (
				647E6E5D178B746000A539E0 /* lib */,
				64EF487E176297FF000C3A89 /* BMPAppDelegate.h */,
				64EF487F176297FF000C3A89 /* BMPAppDelegate.m */,
				64EF4887176297FF000C3A89 /* MainStoryboard_iPhone.storyboard */,
				64EF488A176297FF000C3A89 /* MainStoryboard_iPad.storyboard */,
				64EF488D176297FF000C3A89 /* BMPViewController.h */,
				64EF488E176297FF000C3A89 /* BMPViewController.m */,
				64EF498B1762BB27000C3A89 /* NitroFramework.framework */,
				64EF496C1762B23D000C3A89 /* libnacl.a */,
				64EF4876176297FF000C3A89 /* Supporting Files */,
			);
			path = NitroTest;
			sourceTree = "<group>";
		};
		64EF4876176297FF000C3A89 /* Supporting Files */ = {
			isa = PBXGroup;
			children = (
				64EF4877176297FF000C3A89 /* NitroTest-Info.plist */,
				64EF4878176297FF000C3A89 /* InfoPlist.strings */,
				64EF487B176297FF000C3A89 /* main.m */,
				64EF487D176297FF000C3A89 /* NitroTest-Prefix.pch */,
				64EF4881176297FF000C3A89 /* Default.png */,
				64EF4883176297FF000C3A89 /* Default@2x.png */,
				64EF4885176297FF000C3A89 /* Default-568h@2x.png */,
			);
			name = "Supporting Files";
			sourceTree = "<group>";
		};
		64EF489C17629889000C3A89 /* NitroFramework */ = {
			isa = PBXGroup;
			children = (
				64EF496E1762B324000C3A89 /* ev */,
				64EF49151762B0CF000C3A89 /* include */,
				64EF48A71762B059000C3A89 /* src */,
				64EF489D17629889000C3A89 /* Supporting Files */,
			);
			path = NitroFramework;
			sourceTree = "<group>";
		};
		64EF489D17629889000C3A89 /* Supporting Files */ = {
			isa = PBXGroup;
			children = (
				64EF489E17629889000C3A89 /* NitroFramework-Info.plist */,
				64EF489F17629889000C3A89 /* InfoPlist.strings */,
				64EF48A217629889000C3A89 /* NitroFramework-Prefix.pch */,
			);
			name = "Supporting Files";
			sourceTree = "<group>";
		};
		64EF48A71762B059000C3A89 /* src */ = {
			isa = PBXGroup;
			children = (
				64EF48A81762B059000C3A89 /* async.c */,
				64EF48A91762B059000C3A89 /* async.h */,
				64EF48AB1762B059000C3A89 /* buffer.c */,
				64EF48AC1762B059000C3A89 /* buffer.h */,
				64EF48AE1762B059000C3A89 /* cbuffer.c */,
				64EF48AF1762B059000C3A89 /* cbuffer.h */,
				64EF48B11762B059000C3A89 /* common.h */,
				64EF48B21762B059000C3A89 /* crypto.c */,
				64EF48B31762B059000C3A89 /* crypto.h */,
				64EF48B51762B059000C3A89 /* err.c */,
				64EF48B61762B059000C3A89 /* err.h */,
				64EF48B81762B059000C3A89 /* frame.c */,
				64EF48B91762B059000C3A89 /* frame.h */,
				64EF48BB1762B059000C3A89 /* log.h */,
				64EF48BC1762B059000C3A89 /* nitro.c */,
				64EF48BD1762B059000C3A89 /* nitro.h */,
				64EF48BF1762B059000C3A89 /* opt.c */,
				64EF48C01762B059000C3A89 /* opt.h */,
				64EF48C21762B059000C3A89 /* queue.c */,
				64EF48C31762B059000C3A89 /* queue.h */,
				64EF48C51762B059000C3A89 /* runtime.c */,
				64EF48C61762B059000C3A89 /* runtime.h */,
				64EF48C81762B059000C3A89 /* sha1.c */,
				64EF48C91762B059000C3A89 /* sha1.h */,
				64EF48CB1762B059000C3A89 /* Sinproc.c */,
				64EF48CC1762B059000C3A89 /* Sinproc.h */,
				64EF48CE1762B059000C3A89 /* socket.c */,
				64EF48CF1762B059000C3A89 /* socket.h */,
				64EF48D11762B059000C3A89 /* Stcp.c */,
				64EF48D21762B059000C3A89 /* Stcp.h */,
				64EF48D41762B059000C3A89 /* trie.c */,
				64EF48D51762B059000C3A89 /* trie.h */,
				64EF48D71762B059000C3A89 /* uthash */,
				64EF48DC1762B059000C3A89 /* util.c */,
				64EF48DD1762B059000C3A89 /* util.h */,
			);
			name = src;
			path = ../../../src;
			sourceTree = "<group>";
		};
		64EF48D71762B059000C3A89 /* uthash */ = {
			isa = PBXGroup;
			children = (
				64EF48D81762B059000C3A89 /* utarray.h */,
				64EF48D91762B059000C3A89 /* uthash.h */,
				64EF48DA1762B059000C3A89 /* utlist.h */,
				64EF48DB1762B059000C3A89 /* utstring.h */,
			);
			path = uthash;
			sourceTree = "<group>";
		};
		64EF49151762B0CF000C3A89 /* include */ = {
			isa = PBXGroup;
			children = (
				64EF49161762B0CF000C3A89 /* nacl */,
			);
			path = include;
			sourceTree = "<group>";
		};
		64EF49161762B0CF000C3A89 /* nacl */ = {
			isa = PBXGroup;
			children = (
				64EF49171762B0CF000C3A89 /* arm */,
			);
			path = nacl;
			sourceTree = "<group>";
		};
		64EF49171762B0CF000C3A89 /* arm */ = {
			isa = PBXGroup;
			children = (
				64EF49181762B0CF000C3A89 /* cpucycles.h */,
				64EF49191762B0CF000C3A89 /* crypto_auth.h */,
				64EF491A1762B0CF000C3A89 /* crypto_auth_hmacsha256.h */,
				64EF491B1762B0CF000C3A89 /* crypto_auth_hmacsha512256.h */,
				64EF491C1762B0CF000C3A89 /* crypto_box.h */,
				64EF491D1762B0CF000C3A89 /* crypto_box_curve25519xsalsa20poly1305.h */,
				64EF491E1762B0CF000C3A89 /* crypto_core_hsalsa20.h */,
				64EF491F1762B0CF000C3A89 /* crypto_core_salsa20.h */,
				64EF49201762B0CF000C3A89 /* crypto_core_salsa2012.h */,
				64EF49211762B0CF000C3A89 /* crypto_core_salsa208.h */,
				64EF49221762B0CF000C3A89 /* crypto_hash.h */,
				64EF49231762B0CF000C3A89 /* crypto_hash_sha256.h */,
				64EF49241762B0CF000C3A89 /* crypto_hash_sha512.h */,
				64EF49251762B0CF000C3A89 /* crypto_hashblocks.h */,
				64EF49261762B0CF000C3A89 /* crypto_hashblocks_sha256.h */,
				64EF49271762B0CF000C3A89 /* crypto_hashblocks_sha512.h */,
				64EF49281762B0CF000C3A89 /* crypto_int16.h */,
				64EF49291762B0CF000C3A89 /* crypto_int32.h */,
				64EF492A1762B0CF000C3A89 /* crypto_int64.h */,
				64EF492B1762B0CF000C3A89 /* crypto_int8.h */,
				64EF492C1762B0CF000C3A89 /* crypto_onetimeauth.h */,
				64EF492D1762B0CF000C3A89 /* crypto_onetimeauth_poly1305.h */,
				64EF492E1762B0CF000C3A89 /* crypto_scalarmult_curve25519.h */,
				64EF492F1762B0CF000C3A89 /* crypto_secretbox.h */,
				64EF49301762B0CF000C3A89 /* crypto_secretbox_xsalsa20poly1305.h */,
				64EF49311762B0CF000C3A89 /* crypto_sign.h */,
				64EF49321762B0CF000C3A89 /* crypto_sign_edwards25519sha512batch.h */,
				64EF49331762B0CF000C3A89 /* crypto_stream.h */,
				64EF49341762B0CF000C3A89 /* crypto_stream_aes128ctr.h */,
				64EF49351762B0CF000C3A89 /* crypto_stream_salsa20.h */,
				64EF49361762B0CF000C3A89 /* crypto_stream_salsa2012.h */,
				64EF49371762B0CF000C3A89 /* crypto_stream_salsa208.h */,
				64EF49381762B0CF000C3A89 /* crypto_stream_xsalsa20.h */,
				64EF49391762B0CF000C3A89 /* crypto_uint16.h */,
				64EF493A1762B0CF000C3A89 /* crypto_uint32.h */,
				64EF493B1762B0CF000C3A89 /* crypto_uint64.h */,
				64EF493C1762B0CF000C3A89 /* crypto_uint8.h */,
				64EF493D1762B0CF000C3A89 /* crypto_verify_16.h */,
				64EF493E1762B0CF000C3A89 /* crypto_verify_32.h */,
			);
			path = arm;
			sourceTree = "<group>";
		};
		64EF496E1762B324000C3A89 /* ev */ = {
			isa = PBXGroup;
			children = (
				64EF49701762B324000C3A89 /* ev.c */,
				64EF49711762B324000C3A89 /* ev.h */,
				64EF49771762B324000C3A89 /* ev_vars.h */,
				64EF49781762B324000C3A89 /* ev_wrap.h */,
			);
			path = ev;
			sourceTree = "<group>";
		};
/* End PBXGroup section */

/* Begin PBXHeadersBuildPhase section */
		64EF48A61762992B000C3A89 /* Headers */ = {
			isa = PBXHeadersBuildPhase;
			buildActionMask = 2147483647;
			files = (
				64EF48E01762B059000C3A89 /* async.h in Headers */,
				64EF48E31762B059000C3A89 /* buffer.h in Headers */,
				64EF48E61762B059000C3A89 /* cbuffer.h in Headers */,
				64EF48E81762B059000C3A89 /* common.h in Headers */,
				64EF48EA1762B059000C3A89 /* crypto.h in Headers */,
				64EF48ED1762B059000C3A89 /* err.h in Headers */,
				64EF48F01762B059000C3A89 /* frame.h in Headers */,
				64EF48F21762B059000C3A89 /* log.h in Headers */,
				64EF48F41762B059000C3A89 /* nitro.h in Headers */,
				64EF48F71762B059000C3A89 /* opt.h in Headers */,
				64EF48FA1762B059000C3A89 /* queue.h in Headers */,
				64EF48FD1762B059000C3A89 /* runtime.h in Headers */,
				64EF49001762B059000C3A89 /* sha1.h in Headers */,
				64EF49031762B059000C3A89 /* Sinproc.h in Headers */,
				64EF49061762B059000C3A89 /* socket.h in Headers */,
				64EF49091762B059000C3A89 /* Stcp.h in Headers */,
				64EF490C1762B059000C3A89 /* trie.h in Headers */,
				64EF490E1762B059000C3A89 /* utarray.h in Headers */,
				64EF490F1762B059000C3A89 /* uthash.h in Headers */,
				64EF49101762B059000C3A89 /* utlist.h in Headers */,
				64EF49111762B059000C3A89 /* utstring.h in Headers */,
				64EF49131762B059000C3A89 /* util.h in Headers */,
				64EF49401762B0CF000C3A89 /* cpucycles.h in Headers */,
				64EF49411762B0CF000C3A89 /* crypto_auth.h in Headers */,
				64EF49421762B0CF000C3A89 /* crypto_auth_hmacsha256.h in Headers */,
				64EF49431762B0CF000C3A89 /* crypto_auth_hmacsha512256.h in Headers */,
				64EF49441762B0CF000C3A89 /* crypto_box.h in Headers */,
				64EF49451762B0CF000C3A89 /* crypto_box_curve25519xsalsa20poly1305.h in Headers */,
				64EF49461762B0CF000C3A89 /* crypto_core_hsalsa20.h in Headers */,
				64EF49471762B0CF000C3A89 /* crypto_core_salsa20.h in Headers */,
				64EF49481762B0CF000C3A89 /* crypto_core_salsa2012.h in Headers */,
				64EF49491762B0CF000C3A89 /* crypto_core_salsa208.h in Headers */,
				64EF494A1762B0CF000C3A89 /* crypto_hash.h in Headers */,
				64EF494B1762B0CF000C3A89 /* crypto_hash_sha256.h in Headers */,
				64EF494C1762B0CF000C3A89 /* crypto_hash_sha512.h in Headers */,
				64EF494D1762B0CF000C3A89 /* crypto_hashblocks.h in Headers */,
				64EF494E1762B0CF000C3A89 /* crypto_hashblocks_sha256.h in Headers */,
				64EF494F1762B0CF000C3A89 /* crypto_hashblocks_sha512.h in Headers */,
				64EF49501762B0CF000C3A89 /* crypto_int16.h in Headers */,
				64EF49511762B0CF000C3A89 /* crypto_int32.h in Headers */,
				64EF49521762B0CF000C3A89 /* crypto_int64.h in Headers */,
				64EF49531762B0CF000C3A89 /* crypto_int8.h in Headers */,
				64EF49541762B0CF000C3A89 /* crypto_onetimeauth.h in Headers */,
				64EF49551762B0CF000C3A89 /* crypto_onetimeauth_poly1305.h in Headers */,
				64EF49561762B0CF000C3A89 /* crypto_scalarmult_curve25519.h in Headers */,
				64EF49571762B0CF000C3A89 /* crypto_secretbox.h in Headers */,
				64EF49581762B0CF000C3A89 /* crypto_secretbox_xsalsa20poly1305.h in Headers */,
				64EF49591762B0CF000C3A89 /* crypto_sign.h in Headers */,
				64EF495A1762B0CF000C3A89 /* crypto_sign_edwards25519sha512batch.h in Headers */,
				64EF495B1762B0CF000C3A89 /* crypto_stream.h in Headers */,
				64EF495C1762B0CF000C3A89 /* crypto_stream_aes128ctr.h in Headers */,
				64EF495D1762B0CF000C3A89 /* crypto_stream_salsa20.h in Headers */,
				64EF495E1762B0CF000C3A89 /* crypto_stream_salsa2012.h in Headers */,
				64EF495F1762B0CF000C3A89 /* crypto_stream_salsa208.h in Headers */,
				64EF49601762B0CF000C3A89 /* crypto_stream_xsalsa20.h in Headers */,
				64EF49611762B0CF000C3A89 /* crypto_uint16.h in Headers */,
				64EF49621762B0CF000C3A89 /* crypto_uint32.h in Headers */,
				64EF49631762B0CF000C3A89 /* crypto_uint64.h in Headers */,
				64EF49641762B0CF000C3A89 /* crypto_uint8.h in Headers */,
				64EF49651762B0CF000C3A89 /* crypto_verify_16.h in Headers */,
				64EF49661762B0CF000C3A89 /* crypto_verify_32.h in Headers */,
				64EF497C1762B324000C3A89 /* ev.h in Headers */,
				64EF49821762B324000C3A89 /* ev_vars.h in Headers */,
				64EF49831762B324000C3A89 /* ev_wrap.h in Headers */,
			);
			runOnlyForDeploymentPostprocessing = 0;
		};
/* End PBXHeadersBuildPhase section */

/* Begin PBXNativeTarget section */
		64EF486B176297FF000C3A89 /* NitroTest */ = {
			isa = PBXNativeTarget;
			buildConfigurationList = 64EF4892176297FF000C3A89 /* Build configuration list for PBXNativeTarget "NitroTest" */;
			buildPhases = (
				64EF4868176297FF000C3A89 /* Sources */,
				64EF4869176297FF000C3A89 /* Frameworks */,
				64EF486A176297FF000C3A89 /* Resources */,
			);
			buildRules = (
			);
			dependencies = (
				64EF49691762B183000C3A89 /* PBXTargetDependency */,
			);
			name = NitroTest;
			productName = NitroTest;
			productReference = 64EF486C176297FF000C3A89 /* NitroTest.app */;
			productType = "com.apple.product-type.application";
		};
		64EF489817629889000C3A89 /* NitroFramework */ = {
			isa = PBXNativeTarget;
			buildConfigurationList = 64EF48A317629889000C3A89 /* Build configuration list for PBXNativeTarget "NitroFramework" */;
			buildPhases = (
				64EF489517629889000C3A89 /* Sources */,
				64EF48A61762992B000C3A89 /* Headers */,
				64EF489617629889000C3A89 /* Frameworks */,
				64EF489717629889000C3A89 /* Resources */,
			);
			buildRules = (
			);
			dependencies = (
			);
			name = NitroFramework;
			productName = NitroFramework;
			productReference = 64EF489917629889000C3A89 /* NitroFramework.framework */;
			productType = "com.apple.product-type.bundle";
		};
/* End PBXNativeTarget section */

/* Begin PBXProject section */
		64EF4864176297FF000C3A89 /* Project object */ = {
			isa = PBXProject;
			attributes = {
				CLASSPREFIX = BMP;
				LastUpgradeCheck = 0460;
				ORGANIZATIONNAME = Bump;
			};
			buildConfigurationList = 64EF4867176297FF000C3A89 /* Build configuration list for PBXProject "NitroTest" */;
			compatibilityVersion = "Xcode 3.2";
			developmentRegion = English;
			hasScannedForEncodings = 0;
			knownRegions = (
				en,
			);
			mainGroup = 64EF4863176297FF000C3A89;
			productRefGroup = 64EF486D176297FF000C3A89 /* Products */;
			projectDirPath = "";
			projectRoot = "";
			targets = (
				64EF486B176297FF000C3A89 /* NitroTest */,
				64EF489817629889000C3A89 /* NitroFramework */,
			);
		};
/* End PBXProject section */

/* Begin PBXResourcesBuildPhase section */
		64EF486A176297FF000C3A89 /* Resources */ = {
			isa = PBXResourcesBuildPhase;
			buildActionMask = 2147483647;
			files = (
				64EF487A176297FF000C3A89 /* InfoPlist.strings in Resources */,
				64EF4882176297FF000C3A89 /* Default.png in Resources */,
				64EF4884176297FF000C3A89 /* Default@2x.png in Resources */,
				64EF4886176297FF000C3A89 /* Default-568h@2x.png in Resources */,
				64EF4889176297FF000C3A89 /* MainStoryboard_iPhone.storyboard in Resources */,
				64EF488C176297FF000C3A89 /* MainStoryboard_iPad.storyboard in Resources */,
			);
			runOnlyForDeploymentPostprocessing = 0;
		};
		64EF489717629889000C3A89 /* Resources */ = {
			isa = PBXResourcesBuildPhase;
			buildActionMask = 2147483647;
			files = (
				64EF48A117629889000C3A89 /* InfoPlist.strings in Resources */,
			);
			runOnlyForDeploymentPostprocessing = 0;
		};
/* End PBXResourcesBuildPhase section */

/* Begin PBXSourcesBuildPhase section */
		64EF4868176297FF000C3A89 /* Sources */ = {
			isa = PBXSourcesBuildPhase;
			buildActionMask = 2147483647;
			files = (
				64EF487C176297FF000C3A89 /* main.m in Sources */,
				64EF4880176297FF000C3A89 /* BMPAppDelegate.m in Sources */,
				64EF488F176297FF000C3A89 /* BMPViewController.m in Sources */,
			);
			runOnlyForDeploymentPostprocessing = 0;
		};
		64EF489517629889000C3A89 /* Sources */ = {
			isa = PBXSourcesBuildPhase;
			buildActionMask = 2147483647;
			files = (
				64EF48DF1762B059000C3A89 /* async.c in Sources */,
				64EF48E21762B059000C3A89 /* buffer.c in Sources */,
				64EF48E51762B059000C3A89 /* cbuffer.c in Sources */,
				64EF48E91762B059000C3A89 /* crypto.c in Sources */,
				64EF48EC1762B059000C3A89 /* err.c in Sources */,
				64EF48EF1762B059000C3A89 /* frame.c in Sources */,
				64EF48F31762B059000C3A89 /* nitro.c in Sources */,
				64EF48F61762B059000C3A89 /* opt.c in Sources */,
				64EF48F91762B059000C3A89 /* queue.c in Sources */,
				64EF48FC1762B059000C3A89 /* runtime.c in Sources */,
				64EF48FF1762B059000C3A89 /* sha1.c in Sources */,
				64EF49021762B059000C3A89 /* Sinproc.c in Sources */,
				64EF49051762B059000C3A89 /* socket.c in Sources */,
				64EF49081762B059000C3A89 /* Stcp.c in Sources */,
				64EF490B1762B059000C3A89 /* trie.c in Sources */,
				64EF49121762B059000C3A89 /* util.c in Sources */,
				64EF497B1762B324000C3A89 /* ev.c in Sources */,
			);
			runOnlyForDeploymentPostprocessing = 0;
		};
/* End PBXSourcesBuildPhase section */

/* Begin PBXTargetDependency section */
		64EF49691762B183000C3A89 /* PBXTargetDependency */ = {
			isa = PBXTargetDependency;
			target = 64EF489817629889000C3A89 /* NitroFramework */;
			targetProxy = 64EF49681762B183000C3A89 /* PBXContainerItemProxy */;
		};
/* End PBXTargetDependency section */

/* Begin PBXVariantGroup section */
		64EF4878176297FF000C3A89 /* InfoPlist.strings */ = {
			isa = PBXVariantGroup;
			children = (
				64EF4879176297FF000C3A89 /* en */,
			);
			name = InfoPlist.strings;
			sourceTree = "<group>";
		};
		64EF4887176297FF000C3A89 /* MainStoryboard_iPhone.storyboard */ = {
			isa = PBXVariantGroup;
			children = (
				64EF4888176297FF000C3A89 /* en */,
			);
			name = MainStoryboard_iPhone.storyboard;
			sourceTree = "<group>";
		};
		64EF488A176297FF000C3A89 /* MainStoryboard_iPad.storyboard */ = {
			isa = PBXVariantGroup;
			children = (
				64EF488B176297FF000C3A89 /* en */,
			);
			name = MainStoryboard_iPad.storyboard;
			sourceTree = "<group>";
		};
		64EF489F17629889000C3A89 /* InfoPlist.strings */ = {
			isa = PBXVariantGroup;
			children = (
				64EF48A017629889000C3A89 /* en */,
			);
			name = InfoPlist.strings;
			sourceTree = "<group>";
		};
/* End PBXVariantGroup section */

/* Begin XCBuildConfiguration section */
		64EF4890176297FF000C3A89 /* Debug */ = {
			isa = XCBuildConfiguration;
			buildSettings = {
				ALWAYS_SEARCH_USER_PATHS = NO;
				CLANG_CXX_LANGUAGE_STANDARD = "gnu++0x";
				CLANG_CXX_LIBRARY = "libc++";
				CLANG_ENABLE_OBJC_ARC = YES;
				CLANG_WARN_CONSTANT_CONVERSION = YES;
				CLANG_WARN_EMPTY_BODY = YES;
				CLANG_WARN_ENUM_CONVERSION = YES;
				CLANG_WARN_INT_CONVERSION = YES;
				CLANG_WARN__DUPLICATE_METHOD_MATCH = YES;
				"CODE_SIGN_IDENTITY[sdk=iphoneos*]" = "iPhone Developer";
				COPY_PHASE_STRIP = NO;
				GCC_C_LANGUAGE_STANDARD = gnu99;
				GCC_DYNAMIC_NO_PIC = NO;
				GCC_OPTIMIZATION_LEVEL = 0;
				GCC_PREPROCESSOR_DEFINITIONS = (
					"DEBUG=1",
					"$(inherited)",
				);
				GCC_SYMBOLS_PRIVATE_EXTERN = NO;
				GCC_WARN_ABOUT_RETURN_TYPE = YES;
				GCC_WARN_UNINITIALIZED_AUTOS = YES;
				GCC_WARN_UNUSED_VARIABLE = YES;
				IPHONEOS_DEPLOYMENT_TARGET = 6.1;
				ONLY_ACTIVE_ARCH = YES;
				SDKROOT = iphoneos;
				TARGETED_DEVICE_FAMILY = "1,2";
			};
			name = Debug;
		};
		64EF4891176297FF000C3A89 /* Release */ = {
			isa = XCBuildConfiguration;
			buildSettings = {
				ALWAYS_SEARCH_USER_PATHS = NO;
				CLANG_CXX_LANGUAGE_STANDARD = "gnu++0x";
				CLANG_CXX_LIBRARY = "libc++";
				CLANG_ENABLE_OBJC_ARC = YES;
				CLANG_WARN_CONSTANT_CONVERSION = YES;
				CLANG_WARN_EMPTY_BODY = YES;
				CLANG_WARN_ENUM_CONVERSION = YES;
				CLANG_WARN_INT_CONVERSION = YES;
				CLANG_WARN__DUPLICATE_METHOD_MATCH = YES;
				"CODE_SIGN_IDENTITY[sdk=iphoneos*]" = "iPhone Developer";
				COPY_PHASE_STRIP = YES;
				GCC_C_LANGUAGE_STANDARD = gnu99;
				GCC_WARN_ABOUT_RETURN_TYPE = YES;
				GCC_WARN_UNINITIALIZED_AUTOS = YES;
				GCC_WARN_UNUSED_VARIABLE = YES;
				IPHONEOS_DEPLOYMENT_TARGET = 6.1;
				OTHER_CFLAGS = "-DNS_BLOCK_ASSERTIONS=1";
				SDKROOT = iphoneos;
				TARGETED_DEVICE_FAMILY = "1,2";
				VALIDATE_PRODUCT = YES;
			};
			name = Release;
		};
		64EF4893176297FF000C3A89 /* Debug */ = {
			isa = XCBuildConfiguration;
			buildSettings = {
				DEAD_CODE_STRIPPING = NO;
				FRAMEWORK_SEARCH_PATHS = (
					"$(inherited)",
					"\"$(SRCROOT)/../../../../../Library/Developer/Xcode/DerivedData/NitroTest-fvhcgdiocaxbycfgoenrcyxreexa/Build/Products/Debug-iphoneos\"",
				);
				GCC_PRECOMPILE_PREFIX_HEADER = YES;
				GCC_PREFIX_HEADER = "NitroTest/NitroTest-Prefix.pch";
				HEADER_SEARCH_PATHS = "$(SRCROOT)/NitroTest/include";
				INFOPLIST_FILE = "NitroTest/NitroTest-Info.plist";
				LIBRARY_SEARCH_PATHS = (
					"$(inherited)",
					"\"$(SRCROOT)/NitroTest\"",
				);
				ONLY_ACTIVE_ARCH = NO;
				PRODUCT_NAME = "$(TARGET_NAME)";
				VALID_ARCHS = armv7;
				WRAPPER_EXTENSION = app;
			};
			name = Debug;
		};
		64EF4894176297FF000C3A89 /* Release */ = {
			isa = XCBuildConfiguration;
			buildSettings = {
				DEAD_CODE_STRIPPING = NO;
				FRAMEWORK_SEARCH_PATHS = (
					"$(inherited)",
					"\"$(SRCROOT)/../../../../../Library/Developer/Xcode/DerivedData/NitroTest-fvhcgdiocaxbycfgoenrcyxreexa/Build/Products/Debug-iphoneos\"",
				);
				GCC_PRECOMPILE_PREFIX_HEADER = YES;
				GCC_PREFIX_HEADER = "NitroTest/NitroTest-Prefix.pch";
				HEADER_SEARCH_PATHS = "$(SRCROOT)/NitroTest/include";
				INFOPLIST_FILE = "NitroTest/NitroTest-Info.plist";
				LIBRARY_SEARCH_PATHS = (
					"$(inherited)",
					"\"$(SRCROOT)/NitroTest\"",
				);
				PRODUCT_NAME = "$(TARGET_NAME)";
				VALID_ARCHS = armv7;
				WRAPPER_EXTENSION = app;
			};
			name = Release;
		};
		64EF48A417629889000C3A89 /* Debug */ = {
			isa = XCBuildConfiguration;
			buildSettings = {
				ARCHS = armv7;
				COMBINE_HIDPI_IMAGES = YES;
				DEAD_CODE_STRIPPING = NO;
				GCC_ENABLE_OBJC_EXCEPTIONS = YES;
				GCC_PRECOMPILE_PREFIX_HEADER = YES;
				GCC_PREFIX_HEADER = "NitroFramework/NitroFramework-Prefix.pch";
				GCC_PREPROCESSOR_DEFINITIONS = EV_STANDALONE;
				GCC_WARN_64_TO_32_BIT_CONVERSION = YES;
				HEADER_SEARCH_PATHS = (
					/usr/local/include,
					"$(SRCROOT)/NitroTest/include/**",
				);
				INFOPLIST_FILE = "NitroFramework/NitroFramework-Info.plist";
				INSTALL_PATH = "$(LOCAL_LIBRARY_DIR)/Bundles";
				IPHONEOS_DEPLOYMENT_TARGET = 5.0;
				LIBRARY_SEARCH_PATHS = (
					"$(inherited)",
					"$(SRCROOT)/NitroTest/lib",
				);
				LINK_WITH_STANDARD_LIBRARIES = NO;
				MACH_O_TYPE = mh_object;
				MACOSX_DEPLOYMENT_TARGET = 10.8;
				PRODUCT_NAME = "$(TARGET_NAME)";
				SDKROOT = iphoneos;
				VALID_ARCHS = armv7;
				WRAPPER_EXTENSION = framework;
			};
			name = Debug;
		};
		64EF48A517629889000C3A89 /* Release */ = {
			isa = XCBuildConfiguration;
			buildSettings = {
				ARCHS = armv7;
				COMBINE_HIDPI_IMAGES = YES;
				DEAD_CODE_STRIPPING = NO;
				DEBUG_INFORMATION_FORMAT = "dwarf-with-dsym";
				GCC_ENABLE_OBJC_EXCEPTIONS = YES;
				GCC_PRECOMPILE_PREFIX_HEADER = YES;
				GCC_PREFIX_HEADER = "NitroFramework/NitroFramework-Prefix.pch";
				GCC_PREPROCESSOR_DEFINITIONS = EV_STANDALONE;
				GCC_WARN_64_TO_32_BIT_CONVERSION = YES;
				HEADER_SEARCH_PATHS = (
					/usr/local/include,
					"$(SRCROOT)/NitroTest/include/**",
				);
				INFOPLIST_FILE = "NitroFramework/NitroFramework-Info.plist";
				INSTALL_PATH = "$(LOCAL_LIBRARY_DIR)/Bundles";
				IPHONEOS_DEPLOYMENT_TARGET = 5.0;
				LIBRARY_SEARCH_PATHS = (
					"$(inherited)",
					"$(SRCROOT)/NitroTest/lib",
				);
				LINK_WITH_STANDARD_LIBRARIES = NO;
				MACH_O_TYPE = mh_object;
				MACOSX_DEPLOYMENT_TARGET = 10.8;
				PRODUCT_NAME = "$(TARGET_NAME)";
				SDKROOT = iphoneos;
				VALID_ARCHS = armv7;
				WRAPPER_EXTENSION = framework;
			};
			name = Release;
		};
/* End XCBuildConfiguration section */

/* Begin XCConfigurationList section */
		64EF4867176297FF000C3A89 /* Build configuration list for PBXProject "NitroTest" */ = {
			isa = XCConfigurationList;
			buildConfigurations = (
				64EF4890176297FF000C3A89 /* Debug */,
				64EF4891176297FF000C3A89 /* Release */,
			);
			defaultConfigurationIsVisible = 0;
			defaultConfigurationName = Release;
		};
		64EF4892176297FF000C3A89 /* Build configuration list for PBXNativeTarget "NitroTest" */ = {
			isa = XCConfigurationList;
			buildConfigurations = (
				64EF4893176297FF000C3A89 /* Debug */,
				64EF4894176297FF000C3A89 /* Release */,
			);
			defaultConfigurationIsVisible = 0;
			defaultConfigurationName = Release;
		};
		64EF48A317629889000C3A89 /* Build configuration list for PBXNativeTarget "NitroFramework" */ = {
			isa = XCConfigurationList;
			buildConfigurations = (
				64EF48A417629889000C3A89 /* Debug */,
				64EF48A517629889000C3A89 /* Release */,
			);
			defaultConfigurationIsVisible = 0;
			defaultConfigurationName = Release;
		};
/* End XCConfigurationList section */
	};
	rootObject = 64EF4864176297FF000C3A89 /* Project object */;
}
